
Microsoft Visual Studio Solution File, Format Version 12.00
# Visual Studio 14
VisualStudioVersion = 14.0.25420.1
MinimumVisualStudioVersion = 10.0.40219.1
Project("{FAE04EC0-301F-11D3-BF4B-00C04F79EFBC}") = "ControlActivos", "ControlActivos\ControlActivos.csproj", "{6FD9B9F7-95E4-4942-BDC2-DBAF626A7159}"
EndProject
Project("{FAE04EC0-301F-11D3-BF4B-00C04F79EFBC}") = "BLL", "BLL\BLL.csproj", "{9630A580-DA8F-4FA9-AC89-BE8EA74C24CE}"
EndProject
Project("{FAE04EC0-301F-11D3-BF4B-00C04F79EFBC}") = "DAL", "DAL\DAL.csproj", "{2B141A41-5C63-4BD0-AE97-6C5D353C5A46}"
EndProject
Global
	GlobalSection(SolutionConfigurationPlatforms) = preSolution
		Debug|Any CPU = Debug|Any CPU
		Release|Any CPU = Release|Any CPU
	EndGlobalSection
	GlobalSection(ProjectConfigurationPlatforms) = postSolution
		{6FD9B9F7-95E4-4942-BDC2-DBAF626A7159}.Debug|Any CPU.ActiveCfg = Debug|Any CPU
		{6FD9B9F7-95E4-4942-BDC2-DBAF626A7159}.Debug|Any CPU.Build.0 = Debug|Any CPU
		{6FD9B9F7-95E4-4942-BDC2-DBAF626A7159}.Release|Any CPU.ActiveCfg = Release|Any CPU
		{6FD9B9F7-95E4-4942-BDC2-DBAF626A7159}.Release|Any CPU.Build.0 = Release|Any CPU
		{9630A580-DA8F-4FA9-AC89-BE8EA74C24CE}.Debug|Any CPU.ActiveCfg = Debug|Any CPU
		{9630A580-DA8F-4FA9-AC89-BE8EA74C24CE}.Debug|Any CPU.Build.0 = Debug|Any CPU
		{9630A580-DA8F-4FA9-AC89-BE8EA74C24CE}.Release|Any CPU.ActiveCfg = Release|Any CPU
		{9630A580-DA8F-4FA9-AC89-BE8EA74C24CE}.Release|Any CPU.Build.0 = Release|Any CPU
		{2B141A41-5C63-4BD0-AE97-6C5D353C5A46}.Debug|Any CPU.ActiveCfg = Debug|Any CPU
		{2B141A41-5C63-4BD0-AE97-6C5D353C5A46}.Debug|Any CPU.Build.0 = Debug|Any CPU
		{2B141A41-5C63-4BD0-AE97-6C5D353C5A46}.Release|Any CPU.ActiveCfg = Release|Any CPU
		{2B141A41-5C63-4BD0-AE97-6C5D353C5A46}.Release|Any CPU.Build.0 = Release|Any CPU
	EndGlobalSection
	GlobalSection(SolutionProperties) = preSolution
		HideSolutionNode = FALSE
	EndGlobalSection
EndGlobal
